<?xml version="1.0" encoding="UTF-8"?>
<CodeBlocks_project_file>
	<FileVersion major="1" minor="6"/>
	<Project>
		<Option title="cs36300_spring2018_calculator1"/>
		<Option makefile_is_custom="1"/>
		<Option compiler="gcc"/>
		<Option virtualFolders="CMake Files\;"/>
		<Build>
			<Target title="all">
				<Option working_dir="/home/flynn/Documents/cs36300-spring2018-calculator1/cmake-build-debug"/>
				<Option type="4"/>
				<MakeCommands>
					<Build command="/usr/bin/make -j12 -f &quot;/home/flynn/Documents/cs36300-spring2018-calculator1/cmake-build-debug/Makefile&quot;  VERBOSE=1 all"/>
					<CompileFile command="/usr/bin/make -j12 -f &quot;/home/flynn/Documents/cs36300-spring2018-calculator1/cmake-build-debug/Makefile&quot;  VERBOSE=1 &quot;$file&quot;"/>
					<Clean command="/usr/bin/make -j12 -f &quot;/home/flynn/Documents/cs36300-spring2018-calculator1/cmake-build-debug/Makefile&quot;  VERBOSE=1 clean"/>
					<DistClean command="/usr/bin/make -j12 -f &quot;/home/flynn/Documents/cs36300-spring2018-calculator1/cmake-build-debug/Makefile&quot;  VERBOSE=1 clean"/>
				</MakeCommands>
			</Target>
			<Target title="rebuild_cache">
				<Option working_dir="/home/flynn/Documents/cs36300-spring2018-calculator1/cmake-build-debug"/>
				<Option type="4"/>
				<MakeCommands>
					<Build command="/usr/bin/make -j12 -f &quot;/home/flynn/Documents/cs36300-spring2018-calculator1/cmake-build-debug/Makefile&quot;  VERBOSE=1 rebuild_cache"/>
					<CompileFile command="/usr/bin/make -j12 -f &quot;/home/flynn/Documents/cs36300-spring2018-calculator1/cmake-build-debug/Makefile&quot;  VERBOSE=1 &quot;$file&quot;"/>
					<Clean command="/usr/bin/make -j12 -f &quot;/home/flynn/Documents/cs36300-spring2018-calculator1/cmake-build-debug/Makefile&quot;  VERBOSE=1 clean"/>
					<DistClean command="/usr/bin/make -j12 -f &quot;/home/flynn/Documents/cs36300-spring2018-calculator1/cmake-build-debug/Makefile&quot;  VERBOSE=1 clean"/>
				</MakeCommands>
			</Target>
			<Target title="edit_cache">
				<Option working_dir="/home/flynn/Documents/cs36300-spring2018-calculator1/cmake-build-debug"/>
				<Option type="4"/>
				<MakeCommands>
					<Build command="/usr/bin/make -j12 -f &quot;/home/flynn/Documents/cs36300-spring2018-calculator1/cmake-build-debug/Makefile&quot;  VERBOSE=1 edit_cache"/>
					<CompileFile command="/usr/bin/make -j12 -f &quot;/home/flynn/Documents/cs36300-spring2018-calculator1/cmake-build-debug/Makefile&quot;  VERBOSE=1 &quot;$file&quot;"/>
					<Clean command="/usr/bin/make -j12 -f &quot;/home/flynn/Documents/cs36300-spring2018-calculator1/cmake-build-debug/Makefile&quot;  VERBOSE=1 clean"/>
					<DistClean command="/usr/bin/make -j12 -f &quot;/home/flynn/Documents/cs36300-spring2018-calculator1/cmake-build-debug/Makefile&quot;  VERBOSE=1 clean"/>
				</MakeCommands>
			</Target>
			<Target title="cs36300_spring2018_calculator1">
				<Option output="/home/flynn/Documents/cs36300-spring2018-calculator1/cmake-build-debug/cs36300_spring2018_calculator1" prefix_auto="0" extension_auto="0"/>
				<Option working_dir="/home/flynn/Documents/cs36300-spring2018-calculator1/cmake-build-debug"/>
				<Option object_output="./"/>
				<Option type="1"/>
				<Option compiler="gcc"/>
				<Compiler>
					<Add directory="/usr/include/c++/5"/>
					<Add directory="/usr/include/x86_64-linux-gnu/c++/5"/>
					<Add directory="/usr/include/c++/5/backward"/>
					<Add directory="/usr/lib/gcc/x86_64-linux-gnu/5/include"/>
					<Add directory="/usr/local/include"/>
					<Add directory="/usr/lib/gcc/x86_64-linux-gnu/5/include-fixed"/>
					<Add directory="/usr/include/x86_64-linux-gnu"/>
					<Add directory="/usr/include"/>
				</Compiler>
				<MakeCommands>
					<Build command="/usr/bin/make -j12 -f &quot;/home/flynn/Documents/cs36300-spring2018-calculator1/cmake-build-debug/Makefile&quot;  VERBOSE=1 cs36300_spring2018_calculator1"/>
					<CompileFile command="/usr/bin/make -j12 -f &quot;/home/flynn/Documents/cs36300-spring2018-calculator1/cmake-build-debug/Makefile&quot;  VERBOSE=1 &quot;$file&quot;"/>
					<Clean command="/usr/bin/make -j12 -f &quot;/home/flynn/Documents/cs36300-spring2018-calculator1/cmake-build-debug/Makefile&quot;  VERBOSE=1 clean"/>
					<DistClean command="/usr/bin/make -j12 -f &quot;/home/flynn/Documents/cs36300-spring2018-calculator1/cmake-build-debug/Makefile&quot;  VERBOSE=1 clean"/>
				</MakeCommands>
			</Target>
			<Target title="cs36300_spring2018_calculator1/fast">
				<Option output="/home/flynn/Documents/cs36300-spring2018-calculator1/cmake-build-debug/cs36300_spring2018_calculator1" prefix_auto="0" extension_auto="0"/>
				<Option working_dir="/home/flynn/Documents/cs36300-spring2018-calculator1/cmake-build-debug"/>
				<Option object_output="./"/>
				<Option type="1"/>
				<Option compiler="gcc"/>
				<Compiler>
					<Add directory="/usr/include/c++/5"/>
					<Add directory="/usr/include/x86_64-linux-gnu/c++/5"/>
					<Add directory="/usr/include/c++/5/backward"/>
					<Add directory="/usr/lib/gcc/x86_64-linux-gnu/5/include"/>
					<Add directory="/usr/local/include"/>
					<Add directory="/usr/lib/gcc/x86_64-linux-gnu/5/include-fixed"/>
					<Add directory="/usr/include/x86_64-linux-gnu"/>
					<Add directory="/usr/include"/>
				</Compiler>
				<MakeCommands>
					<Build command="/usr/bin/make -j12 -f &quot;/home/flynn/Documents/cs36300-spring2018-calculator1/cmake-build-debug/Makefile&quot;  VERBOSE=1 cs36300_spring2018_calculator1/fast"/>
					<CompileFile command="/usr/bin/make -j12 -f &quot;/home/flynn/Documents/cs36300-spring2018-calculator1/cmake-build-debug/Makefile&quot;  VERBOSE=1 &quot;$file&quot;"/>
					<Clean command="/usr/bin/make -j12 -f &quot;/home/flynn/Documents/cs36300-spring2018-calculator1/cmake-build-debug/Makefile&quot;  VERBOSE=1 clean"/>
					<DistClean command="/usr/bin/make -j12 -f &quot;/home/flynn/Documents/cs36300-spring2018-calculator1/cmake-build-debug/Makefile&quot;  VERBOSE=1 clean"/>
				</MakeCommands>
			</Target>
		</Build>
		<Unit filename="/home/flynn/Documents/cs36300-spring2018-calculator1/Array.h">
			<Option target="cs36300_spring2018_calculator1"/>
		</Unit>
		<Unit filename="/home/flynn/Documents/cs36300-spring2018-calculator1/Array.inl">
			<Option target="cs36300_spring2018_calculator1"/>
		</Unit>
		<Unit filename="/home/flynn/Documents/cs36300-spring2018-calculator1/Array_Iterator.h">
			<Option target="cs36300_spring2018_calculator1"/>
		</Unit>
		<Unit filename="/home/flynn/Documents/cs36300-spring2018-calculator1/Base_Array.h">
			<Option target="cs36300_spring2018_calculator1"/>
		</Unit>
		<Unit filename="/home/flynn/Documents/cs36300-spring2018-calculator1/Base_Array.inl">
			<Option target="cs36300_spring2018_calculator1"/>
		</Unit>
		<Unit filename="/home/flynn/Documents/cs36300-spring2018-calculator1/Binary_Op_Command.h">
			<Option target="cs36300_spring2018_calculator1"/>
		</Unit>
		<Unit filename="/home/flynn/Documents/cs36300-spring2018-calculator1/Calculator.cpp">
			<Option target="cs36300_spring2018_calculator1"/>
		</Unit>
		<Unit filename="/home/flynn/Documents/cs36300-spring2018-calculator1/Calculator.h">
			<Option target="cs36300_spring2018_calculator1"/>
		</Unit>
		<Unit filename="/home/flynn/Documents/cs36300-spring2018-calculator1/Expr_Command.h">
			<Option target="cs36300_spring2018_calculator1"/>
		</Unit>
		<Unit filename="/home/flynn/Documents/cs36300-spring2018-calculator1/Expr_Command_Factory.cpp">
			<Option target="cs36300_spring2018_calculator1"/>
		</Unit>
		<Unit filename="/home/flynn/Documents/cs36300-spring2018-calculator1/Expr_Command_Factory.h">
			<Option target="cs36300_spring2018_calculator1"/>
		</Unit>
		<Unit filename="/home/flynn/Documents/cs36300-spring2018-calculator1/Modulus_Command.h">
			<Option target="cs36300_spring2018_calculator1"/>
		</Unit>
		<Unit filename="/home/flynn/Documents/cs36300-spring2018-calculator1/Num_Command.h">
			<Option target="cs36300_spring2018_calculator1"/>
		</Unit>
		<Unit filename="/home/flynn/Documents/cs36300-spring2018-calculator1/Parentheses_Command.h">
			<Option target="cs36300_spring2018_calculator1"/>
		</Unit>
		<Unit filename="/home/flynn/Documents/cs36300-spring2018-calculator1/Stack.h">
			<Option target="cs36300_spring2018_calculator1"/>
		</Unit>
		<Unit filename="/home/flynn/Documents/cs36300-spring2018-calculator1/Stack.inl">
			<Option target="cs36300_spring2018_calculator1"/>
		</Unit>
		<Unit filename="/home/flynn/Documents/cs36300-spring2018-calculator1/Stack_Expr_Command_Factory.cpp">
			<Option target="cs36300_spring2018_calculator1"/>
		</Unit>
		<Unit filename="/home/flynn/Documents/cs36300-spring2018-calculator1/Stack_Expr_Command_Factory.h">
			<Option target="cs36300_spring2018_calculator1"/>
		</Unit>
		<Unit filename="/home/flynn/Documents/cs36300-spring2018-calculator1/array_auto_ptr.h">
			<Option target="cs36300_spring2018_calculator1"/>
		</Unit>
		<Unit filename="/home/flynn/Documents/cs36300-spring2018-calculator1/auto_ptr.h">
			<Option target="cs36300_spring2018_calculator1"/>
		</Unit>
		<Unit filename="/home/flynn/Documents/cs36300-spring2018-calculator1/driver.cpp">
			<Option target="cs36300_spring2018_calculator1"/>
		</Unit>
		<Unit filename="/home/flynn/Documents/cs36300-spring2018-calculator1/CMakeLists.txt">
			<Option virtualFolder="CMake Files\"/>
		</Unit>
	</Project>
</CodeBlocks_project_file>
